
Microsoft Visual Studio Solution File, Format Version 12.00
# Visual Studio Version 17
VisualStudioVersion = 17.13.35919.96
MinimumVisualStudioVersion = 10.0.40219.1
Project("{FAE04EC0-301F-11D3-BF4B-00C04F79EFBC}") = "Restart", "Restart.csproj", "{F9F154A9-BC63-40D8-807E-C465C52006A7}"
EndProject
Project("{FAE04EC0-301F-11D3-BF4B-00C04F79EFBC}") = "LinuxRestartTool", "LinuxRestartTool\LinuxRestartTool.csproj", "{436B86D1-7F6A-3D88-5933-60CBF727EB27}"
EndProject
Global
	GlobalSection(SolutionConfigurationPlatforms) = preSolution
		Debug|Any CPU = Debug|Any CPU
		Release|Any CPU = Release|Any CPU
	EndGlobalSection
	GlobalSection(ProjectConfigurationPlatforms) = postSolution
		{F9F154A9-BC63-40D8-807E-C465C52006A7}.Debug|Any CPU.ActiveCfg = Debug|Any CPU
		{F9F154A9-BC63-40D8-807E-C465C52006A7}.Debug|Any CPU.Build.0 = Debug|Any CPU
		{F9F154A9-BC63-40D8-807E-C465C52006A7}.Release|Any CPU.ActiveCfg = Release|Any CPU
		{F9F154A9-BC63-40D8-807E-C465C52006A7}.Release|Any CPU.Build.0 = Release|Any CPU
		{436B86D1-7F6A-3D88-5933-60CBF727EB27}.Debug|Any CPU.ActiveCfg = Debug|Any CPU
		{436B86D1-7F6A-3D88-5933-60CBF727EB27}.Debug|Any CPU.Build.0 = Debug|Any CPU
		{436B86D1-7F6A-3D88-5933-60CBF727EB27}.Release|Any CPU.ActiveCfg = Release|Any CPU
		{436B86D1-7F6A-3D88-5933-60CBF727EB27}.Release|Any CPU.Build.0 = Release|Any CPU
	EndGlobalSection
	GlobalSection(SolutionProperties) = preSolution
		HideSolutionNode = FALSE
	EndGlobalSection
	GlobalSection(ExtensibilityGlobals) = postSolution
		SolutionGuid = {A2B4B8D8-200B-496F-B977-3536C6E5E48E}
	EndGlobalSection
EndGlobal
